// !$*UTF8*$!
{
	archiveVersion = 1;
	classes = {
	};
	objectVersion = 56;
	objects = {

/* Begin PBXBuildFile section */
		4B86C5782B863970007C7A6F /* SistemaVentasApp.swift in Sources */ = {isa = PBXBuildFile; fileRef = 4B86C5772B863970007C7A6F /* SistemaVentasApp.swift */; };
		4B86C57A2B863970007C7A6F /* ContentView.swift in Sources */ = {isa = PBXBuildFile; fileRef = 4B86C5792B863970007C7A6F /* ContentView.swift */; };
		4B86C57C2B863971007C7A6F /* Assets.xcassets in Resources */ = {isa = PBXBuildFile; fileRef = 4B86C57B2B863971007C7A6F /* Assets.xcassets */; };
		4B86C57F2B863971007C7A6F /* Preview Assets.xcassets in Resources */ = {isa = PBXBuildFile; fileRef = 4B86C57E2B863971007C7A6F /* Preview Assets.xcassets */; };
		4B86C5892B863971007C7A6F /* SistemaVentasTests.swift in Sources */ = {isa = PBXBuildFile; fileRef = 4B86C5882B863971007C7A6F /* SistemaVentasTests.swift */; };
		4B86C5932B863971007C7A6F /* SistemaVentasUITests.swift in Sources */ = {isa = PBXBuildFile; fileRef = 4B86C5922B863971007C7A6F /* SistemaVentasUITests.swift */; };
		4B86C5952B863971007C7A6F /* SistemaVentasUITestsLaunchTests.swift in Sources */ = {isa = PBXBuildFile; fileRef = 4B86C5942B863971007C7A6F /* SistemaVentasUITestsLaunchTests.swift */; };
/* End PBXBuildFile section */

/* Begin PBXContainerItemProxy section */
		4B86C5852B863971007C7A6F /* PBXContainerItemProxy */ = {
			isa = PBXContainerItemProxy;
			containerPortal = 4B86C56C2B863970007C7A6F /* Project object */;
			proxyType = 1;
			remoteGlobalIDString = 4B86C5732B863970007C7A6F;
			remoteInfo = SistemaVentas;
		};
		4B86C58F2B863971007C7A6F /* PBXContainerItemProxy */ = {
			isa = PBXContainerItemProxy;
			containerPortal = 4B86C56C2B863970007C7A6F /* Project object */;
			proxyType = 1;
			remoteGlobalIDString = 4B86C5732B863970007C7A6F;
			remoteInfo = SistemaVentas;
		};
/* End PBXContainerItemProxy section */

/* Begin PBXFileReference section */
		4B86C5742B863970007C7A6F /* SistemaVentas.app */ = {isa = PBXFileReference; explicitFileType = wrapper.application; includeInIndex = 0; path = SistemaVentas.app; sourceTree = BUILT_PRODUCTS_DIR; };
		4B86C5772B863970007C7A6F /* SistemaVentasApp.swift */ = {isa = PBXFileReference; lastKnownFileType = sourcecode.swift; path = SistemaVentasApp.swift; sourceTree = "<group>"; };
		4B86C5792B863970007C7A6F /* ContentView.swift */ = {isa = PBXFileReference; lastKnownFileType = sourcecode.swift; path = ContentView.swift; sourceTree = "<group>"; };
		4B86C57B2B863971007C7A6F /* Assets.xcassets */ = {isa = PBXFileReference; lastKnownFileType = folder.assetcatalog; path = Assets.xcassets; sourceTree = "<group>"; };
		4B86C57E2B863971007C7A6F /* Preview Assets.xcassets */ = {isa = PBXFileReference; lastKnownFileType = folder.assetcatalog; path = "Preview Assets.xcassets"; sourceTree = "<group>"; };
		4B86C5842B863971007C7A6F /* SistemaVentasTests.xctest */ = {isa = PBXFileReference; explicitFileType = wrapper.cfbundle; includeInIndex = 0; path = SistemaVentasTests.xctest; sourceTree = BUILT_PRODUCTS_DIR; };
		4B86C5882B863971007C7A6F /* SistemaVentasTests.swift */ = {isa = PBXFileReference; lastKnownFileType = sourcecode.swift; path = SistemaVentasTests.swift; sourceTree = "<group>"; };
		4B86C58E2B863971007C7A6F /* SistemaVentasUITests.xctest */ = {isa = PBXFileReference; explicitFileType = wrapper.cfbundle; includeInIndex = 0; path = SistemaVentasUITests.xctest; sourceTree = BUILT_PRODUCTS_DIR; };
		4B86C5922B863971007C7A6F /* SistemaVentasUITests.swift */ = {isa = PBXFileReference; lastKnownFileType = sourcecode.swift; path = SistemaVentasUITests.swift; sourceTree = "<group>"; };
		4B86C5942B863971007C7A6F /* SistemaVentasUITestsLaunchTests.swift */ = {isa = PBXFileReference; lastKnownFileType = sourcecode.swift; path = SistemaVentasUITestsLaunchTests.swift; sourceTree = "<group>"; };
/* End PBXFileReference section */

/* Begin PBXFrameworksBuildPhase section */
		4B86C5712B863970007C7A6F /* Frameworks */ = {
			isa = PBXFrameworksBuildPhase;
			buildActionMask = 2147483647;
			files = (
			);
			runOnlyForDeploymentPostprocessing = 0;
		};
		4B86C5812B863971007C7A6F /* Frameworks */ = {
			isa = PBXFrameworksBuildPhase;
			buildActionMask = 2147483647;
			files = (
			);
			runOnlyForDeploymentPostprocessing = 0;
		};
		4B86C58B2B863971007C7A6F /* Frameworks */ = {
			isa = PBXFrameworksBuildPhase;
			buildActionMask = 2147483647;
			files = (
			);
			runOnlyForDeploymentPostprocessing = 0;
		};
/* End PBXFrameworksBuildPhase section */

/* Begin PBXGroup section */
		4B86C56B2B863970007C7A6F = {
			isa = PBXGroup;
			children = (
				4B86C5762B863970007C7A6F /* SistemaVentas */,
				4B86C5872B863971007C7A6F /* SistemaVentasTests */,
				4B86C5912B863971007C7A6F /* SistemaVentasUITests */,
				4B86C5752B863970007C7A6F /* Products */,
			);
			sourceTree = "<group>";
		};
		4B86C5752B863970007C7A6F /* Products */ = {
			isa = PBXGroup;
			children = (
				4B86C5742B863970007C7A6F /* SistemaVentas.app */,
				4B86C5842B863971007C7A6F /* SistemaVentasTests.xctest */,
				4B86C58E2B863971007C7A6F /* SistemaVentasUITests.xctest */,
			);
			name = Products;
			sourceTree = "<group>";
		};
		4B86C5762B863970007C7A6F /* SistemaVentas */ = {
			isa = PBXGroup;
			children = (
				4B86C5772B863970007C7A6F /* SistemaVentasApp.swift */,
				4B86C5792B863970007C7A6F /* ContentView.swift */,
				4B86C57B2B863971007C7A6F /* Assets.xcassets */,
				4B86C57D2B863971007C7A6F /* Preview Content */,
			);
			path = SistemaVentas;
			sourceTree = "<group>";
		};
		4B86C57D2B863971007C7A6F /* Preview Content */ = {
			isa = PBXGroup;
			children = (
				4B86C57E2B863971007C7A6F /* Preview Assets.xcassets */,
			);
			path = "Preview Content";
			sourceTree = "<group>";
		};
		4B86C5872B863971007C7A6F /* SistemaVentasTests */ = {
			isa = PBXGroup;
			children = (
				4B86C5882B863971007C7A6F /* SistemaVentasTests.swift */,
			);
			path = SistemaVentasTests;
			sourceTree = "<group>";
		};
		4B86C5912B863971007C7A6F /* SistemaVentasUITests */ = {
			isa = PBXGroup;
			children = (
				4B86C5922B863971007C7A6F /* SistemaVentasUITests.swift */,
				4B86C5942B863971007C7A6F /* SistemaVentasUITestsLaunchTests.swift */,
			);
			path = SistemaVentasUITests;
			sourceTree = "<group>";
		};
/* End PBXGroup section */

/* Begin PBXNativeTarget section */
		4B86C5732B863970007C7A6F /* SistemaVentas */ = {
			isa = PBXNativeTarget;
			buildConfigurationList = 4B86C5982B863971007C7A6F /* Build configuration list for PBXNativeTarget "SistemaVentas" */;
			buildPhases = (
				4B86C5702B863970007C7A6F /* Sources */,
				4B86C5712B863970007C7A6F /* Frameworks */,
				4B86C5722B863970007C7A6F /* Resources */,
			);
			buildRules = (
			);
			dependencies = (
			);
			name = SistemaVentas;
			productName = SistemaVentas;
			productReference = 4B86C5742B863970007C7A6F /* SistemaVentas.app */;
			productType = "com.apple.product-type.application";
		};
		4B86C5832B863971007C7A6F /* SistemaVentasTests */ = {
			isa = PBXNativeTarget;
			buildConfigurationList = 4B86C59B2B863971007C7A6F /* Build configuration list for PBXNativeTarget "SistemaVentasTests" */;
			buildPhases = (
				4B86C5802B863971007C7A6F /* Sources */,
				4B86C5812B863971007C7A6F /* Frameworks */,
				4B86C5822B863971007C7A6F /* Resources */,
			);
			buildRules = (
			);
			dependencies = (
				4B86C5862B863971007C7A6F /* PBXTargetDependency */,
			);
			name = SistemaVentasTests;
			productName = SistemaVentasTests;
			productReference = 4B86C5842B863971007C7A6F /* SistemaVentasTests.xctest */;
			productType = "com.apple.product-type.bundle.unit-test";
		};
		4B86C58D2B863971007C7A6F /* SistemaVentasUITests */ = {
			isa = PBXNativeTarget;
			buildConfigurationList = 4B86C59E2B863971007C7A6F /* Build configuration list for PBXNativeTarget "SistemaVentasUITests" */;
			buildPhases = (
				4B86C58A2B863971007C7A6F /* Sources */,
				4B86C58B2B863971007C7A6F /* Frameworks */,
				4B86C58C2B863971007C7A6F /* Resources */,
			);
			buildRules = (
			);
			dependencies = (
				4B86C5902B863971007C7A6F /* PBXTargetDependency */,
			);
			name = SistemaVentasUITests;
			productName = SistemaVentasUITests;
			productReference = 4B86C58E2B863971007C7A6F /* SistemaVentasUITests.xctest */;
			productType = "com.apple.product-type.bundle.ui-testing";
		};
/* End PBXNativeTarget section */

/* Begin PBXProject section */
		4B86C56C2B863970007C7A6F /* Project object */ = {
			isa = PBXProject;
			attributes = {
				BuildIndependentTargetsInParallel = 1;
				LastSwiftUpdateCheck = 1520;
				LastUpgradeCheck = 1520;
				TargetAttributes = {
					4B86C5732B863970007C7A6F = {
						CreatedOnToolsVersion = 15.2;
					};
					4B86C5832B863971007C7A6F = {
						CreatedOnToolsVersion = 15.2;
						TestTargetID = 4B86C5732B863970007C7A6F;
					};
					4B86C58D2B863971007C7A6F = {
						CreatedOnToolsVersion = 15.2;
						TestTargetID = 4B86C5732B863970007C7A6F;
					};
				};
			};
			buildConfigurationList = 4B86C56F2B863970007C7A6F /* Build configuration list for PBXProject "SistemaVentas" */;
			compatibilityVersion = "Xcode 14.0";
			developmentRegion = en;
			hasScannedForEncodings = 0;
			knownRegions = (
				en,
				Base,
			);
			mainGroup = 4B86C56B2B863970007C7A6F;
			productRefGroup = 4B86C5752B863970007C7A6F /* Products */;
			projectDirPath = "";
			projectRoot = "";
			targets = (
				4B86C5732B863970007C7A6F /* SistemaVentas */,
				4B86C5832B863971007C7A6F /* SistemaVentasTests */,
				4B86C58D2B863971007C7A6F /* SistemaVentasUITests */,
			);
		};
/* End PBXProject section */

/* Begin PBXResourcesBuildPhase section */
		4B86C5722B863970007C7A6F /* Resources */ = {
			isa = PBXResourcesBuildPhase;
			buildActionMask = 2147483647;
			files = (
				4B86C57F2B863971007C7A6F /* Preview Assets.xcassets in Resources */,
				4B86C57C2B863971007C7A6F /* Assets.xcassets in Resources */,
			);
			runOnlyForDeploymentPostprocessing = 0;
		};
		4B86C5822B863971007C7A6F /* Resources */ = {
			isa = PBXResourcesBuildPhase;
			buildActionMask = 2147483647;
			files = (
			);
			runOnlyForDeploymentPostprocessing = 0;
		};
		4B86C58C2B863971007C7A6F /* Resources */ = {
			isa = PBXResourcesBuildPhase;
			buildActionMask = 2147483647;
			files = (
			);
			runOnlyForDeploymentPostprocessing = 0;
		};
/* End PBXResourcesBuildPhase section */

/* Begin PBXSourcesBuildPhase section */
		4B86C5702B863970007C7A6F /* Sources */ = {
			isa = PBXSourcesBuildPhase;
			buildActionMask = 2147483647;
			files = (
				4B86C57A2B863970007C7A6F /* ContentView.swift in Sources */,
				4B86C5782B863970007C7A6F /* SistemaVentasApp.swift in Sources */,
			);
			runOnlyForDeploymentPostprocessing = 0;
		};
		4B86C5802B863971007C7A6F /* Sources */ = {
			isa = PBXSourcesBuildPhase;
			buildActionMask = 2147483647;
			files = (
				4B86C5892B863971007C7A6F /* SistemaVentasTests.swift in Sources */,
			);
			runOnlyForDeploymentPostprocessing = 0;
		};
		4B86C58A2B863971007C7A6F /* Sources */ = {
			isa = PBXSourcesBuildPhase;
			buildActionMask = 2147483647;
			files = (
				4B86C5952B863971007C7A6F /* SistemaVentasUITestsLaunchTests.swift in Sources */,
				4B86C5932B863971007C7A6F /* SistemaVentasUITests.swift in Sources */,
			);
			runOnlyForDeploymentPostprocessing = 0;
		};
/* End PBXSourcesBuildPhase section */

/* Begin PBXTargetDependency section */
		4B86C5862B863971007C7A6F /* PBXTargetDependency */ = {
			isa = PBXTargetDependency;
			target = 4B86C5732B863970007C7A6F /* SistemaVentas */;
			targetProxy = 4B86C5852B863971007C7A6F /* PBXContainerItemProxy */;
		};
		4B86C5902B863971007C7A6F /* PBXTargetDependency */ = {
			isa = PBXTargetDependency;
			target = 4B86C5732B863970007C7A6F /* SistemaVentas */;
			targetProxy = 4B86C58F2B863971007C7A6F /* PBXContainerItemProxy */;
		};
/* End PBXTargetDependency section */

/* Begin XCBuildConfiguration section */
		4B86C5962B863971007C7A6F /* Debug */ = {
			isa = XCBuildConfiguration;
			buildSettings = {
				ALWAYS_SEARCH_USER_PATHS = NO;
				ASSETCATALOG_COMPILER_GENERATE_SWIFT_ASSET_SYMBOL_EXTENSIONS = YES;
				CLANG_ANALYZER_NONNULL = YES;
				CLANG_ANALYZER_NUMBER_OBJECT_CONVERSION = YES_AGGRESSIVE;
				CLANG_CXX_LANGUAGE_STANDARD = "gnu++20";
				CLANG_ENABLE_MODULES = YES;
				CLANG_ENABLE_OBJC_ARC = YES;
				CLANG_ENABLE_OBJC_WEAK = YES;
				CLANG_WARN_BLOCK_CAPTURE_AUTORELEASING = YES;
				CLANG_WARN_BOOL_CONVERSION = YES;
				CLANG_WARN_COMMA = YES;
				CLANG_WARN_CONSTANT_CONVERSION = YES;
				CLANG_WARN_DEPRECATED_OBJC_IMPLEMENTATIONS = YES;
				CLANG_WARN_DIRECT_OBJC_ISA_USAGE = YES_ERROR;
				CLANG_WARN_DOCUMENTATION_COMMENTS = YES;
				CLANG_WARN_EMPTY_BODY = YES;
				CLANG_WARN_ENUM_CONVERSION = YES;
				CLANG_WARN_INFINITE_RECURSION = YES;
				CLANG_WARN_INT_CONVERSION = YES;
				CLANG_WARN_NON_LITERAL_NULL_CONVERSION = YES;
				CLANG_WARN_OBJC_IMPLICIT_RETAIN_SELF = YES;
				CLANG_WARN_OBJC_LITERAL_CONVERSION = YES;
				CLANG_WARN_OBJC_ROOT_CLASS = YES_ERROR;
				CLANG_WARN_QUOTED_INCLUDE_IN_FRAMEWORK_HEADER = YES;
				CLANG_WARN_RANGE_LOOP_ANALYSIS = YES;
				CLANG_WARN_STRICT_PROTOTYPES = YES;
				CLANG_WARN_SUSPICIOUS_MOVE = YES;
				CLANG_WARN_UNGUARDED_AVAILABILITY = YES_AGGRESSIVE;
				CLANG_WARN_UNREACHABLE_CODE = YES;
				CLANG_WARN__DUPLICATE_METHOD_MATCH = YES;
				COPY_PHASE_STRIP = NO;
				DEBUG_INFORMATION_FORMAT = dwarf;
				ENABLE_STRICT_OBJC_MSGSEND = YES;
				ENABLE_TESTABILITY = YES;
				ENABLE_USER_SCRIPT_SANDBOXING = YES;
				GCC_C_LANGUAGE_STANDARD = gnu17;
				GCC_DYNAMIC_NO_PIC = NO;
				GCC_NO_COMMON_BLOCKS = YES;
				GCC_OPTIMIZATION_LEVEL = 0;
				GCC_PREPROCESSOR_DEFINITIONS = (
					"DEBUG=1",
					"$(inherited)",
				);
				GCC_WARN_64_TO_32_BIT_CONVERSION = YES;
				GCC_WARN_ABOUT_RETURN_TYPE = YES_ERROR;
				GCC_WARN_UNDECLARED_SELECTOR = YES;
				GCC_WARN_UNINITIALIZED_AUTOS = YES_AGGRESSIVE;
				GCC_WARN_UNUSED_FUNCTION = YES;
				GCC_WARN_UNUSED_VARIABLE = YES;
				IPHONEOS_DEPLOYMENT_TARGET = 17.2;
				LOCALIZATION_PREFERS_STRING_CATALOGS = YES;
				MTL_ENABLE_DEBUG_INFO = INCLUDE_SOURCE;
				MTL_FAST_MATH = YES;
				ONLY_ACTIVE_ARCH = YES;
				SDKROOT = iphoneos;
				SWIFT_ACTIVE_COMPILATION_CONDITIONS = "DEBUG $(inherited)";
				SWIFT_OPTIMIZATION_LEVEL = "-Onone";
			};
			name = Debug;
		};
		4B86C5972B863971007C7A6F /* Release */ = {
			isa = XCBuildConfiguration;
			buildSettings = {
				ALWAYS_SEARCH_USER_PATHS = NO;
				ASSETCATALOG_COMPILER_GENERATE_SWIFT_ASSET_SYMBOL_EXTENSIONS = YES;
				CLANG_ANALYZER_NONNULL = YES;
				CLANG_ANALYZER_NUMBER_OBJECT_CONVERSION = YES_AGGRESSIVE;
				CLANG_CXX_LANGUAGE_STANDARD = "gnu++20";
				CLANG_ENABLE_MODULES = YES;
				CLANG_ENABLE_OBJC_ARC = YES;
				CLANG_ENABLE_OBJC_WEAK = YES;
				CLANG_WARN_BLOCK_CAPTURE_AUTORELEASING = YES;
				CLANG_WARN_BOOL_CONVERSION = YES;
				CLANG_WARN_COMMA = YES;
				CLANG_WARN_CONSTANT_CONVERSION = YES;
				CLANG_WARN_DEPRECATED_OBJC_IMPLEMENTATIONS = YES;
				CLANG_WARN_DIRECT_OBJC_ISA_USAGE = YES_ERROR;
				CLANG_WARN_DOCUMENTATION_COMMENTS = YES;
				CLANG_WARN_EMPTY_BODY = YES;
				CLANG_WARN_ENUM_CONVERSION = YES;
				CLANG_WARN_INFINITE_RECURSION = YES;
				CLANG_WARN_INT_CONVERSION = YES;
				CLANG_WARN_NON_LITERAL_NULL_CONVERSION = YES;
				CLANG_WARN_OBJC_IMPLICIT_RETAIN_SELF = YES;
				CLANG_WARN_OBJC_LITERAL_CONVERSION = YES;
				CLANG_WARN_OBJC_ROOT_CLASS = YES_ERROR;
				CLANG_WARN_QUOTED_INCLUDE_IN_FRAMEWORK_HEADER = YES;
				CLANG_WARN_RANGE_LOOP_ANALYSIS = YES;
				CLANG_WARN_STRICT_PROTOTYPES = YES;
				CLANG_WARN_SUSPICIOUS_MOVE = YES;
				CLANG_WARN_UNGUARDED_AVAILABILITY = YES_AGGRESSIVE;
				CLANG_WARN_UNREACHABLE_CODE = YES;
				CLANG_WARN__DUPLICATE_METHOD_MATCH = YES;
				COPY_PHASE_STRIP = NO;
				DEBUG_INFORMATION_FORMAT = "dwarf-with-dsym";
				ENABLE_NS_ASSERTIONS = NO;
				ENABLE_STRICT_OBJC_MSGSEND = YES;
				ENABLE_USER_SCRIPT_SANDBOXING = YES;
				GCC_C_LANGUAGE_STANDARD = gnu17;
				GCC_NO_COMMON_BLOCKS = YES;
				GCC_WARN_64_TO_32_BIT_CONVERSION = YES;
				GCC_WARN_ABOUT_RETURN_TYPE = YES_ERROR;
				GCC_WARN_UNDECLARED_SELECTOR = YES;
				GCC_WARN_UNINITIALIZED_AUTOS = YES_AGGRESSIVE;
				GCC_WARN_UNUSED_FUNCTION = YES;
				GCC_WARN_UNUSED_VARIABLE = YES;
				IPHONEOS_DEPLOYMENT_TARGET = 17.2;
				LOCALIZATION_PREFERS_STRING_CATALOGS = YES;
				MTL_ENABLE_DEBUG_INFO = NO;
				MTL_FAST_MATH = YES;
				SDKROOT = iphoneos;
				SWIFT_COMPILATION_MODE = wholemodule;
				VALIDATE_PRODUCT = YES;
			};
			name = Release;
		};
		4B86C5992B863971007C7A6F /* Debug */ = {
			isa = XCBuildConfiguration;
			buildSettings = {
				ASSETCATALOG_COMPILER_APPICON_NAME = AppIcon;
				ASSETCATALOG_COMPILER_GLOBAL_ACCENT_COLOR_NAME = AccentColor;
				CODE_SIGN_STYLE = Automatic;
				CURRENT_PROJECT_VERSION = 1;
				DEVELOPMENT_ASSET_PATHS = "\"SistemaVentas/Preview Content\"";
				DEVELOPMENT_TEAM = HR27582MG8;
				ENABLE_PREVIEWS = YES;
				GENERATE_INFOPLIST_FILE = YES;
				INFOPLIST_KEY_UIApplicationSceneManifest_Generation = YES;
				INFOPLIST_KEY_UIApplicationSupportsIndirectInputEvents = YES;
				INFOPLIST_KEY_UILaunchScreen_Generation = YES;
				INFOPLIST_KEY_UISupportedInterfaceOrientations_iPad = "UIInterfaceOrientationPortrait UIInterfaceOrientationPortraitUpsideDown UIInterfaceOrientationLandscapeLeft UIInterfaceOrientationLandscapeRight";
				INFOPLIST_KEY_UISupportedInterfaceOrientations_iPhone = "UIInterfaceOrientationPortrait UIInterfaceOrientationLandscapeLeft UIInterfaceOrientationLandscapeRight";
				LD_RUNPATH_SEARCH_PATHS = (
					"$(inherited)",
					"@executable_path/Frameworks",
				);
				MARKETING_VERSION = 1.0;
				PRODUCT_BUNDLE_IDENTIFIER = nMonzon.SistemaVentas;
				PRODUCT_NAME = "$(TARGET_NAME)";
				SWIFT_EMIT_LOC_STRINGS = YES;
				SWIFT_VERSION = 5.0;
				TARGETED_DEVICE_FAMILY = "1,2";
			};
			name = Debug;
		};
		4B86C59A2B863971007C7A6F /* Release */ = {
			isa = XCBuildConfiguration;
			buildSettings = {
				ASSETCATALOG_COMPILER_APPICON_NAME = AppIcon;
				ASSETCATALOG_COMPILER_GLOBAL_ACCENT_COLOR_NAME = AccentColor;
				CODE_SIGN_STYLE = Automatic;
				CURRENT_PROJECT_VERSION = 1;
				DEVELOPMENT_ASSET_PATHS = "\"SistemaVentas/Preview Content\"";
				DEVELOPMENT_TEAM = HR27582MG8;
				ENABLE_PREVIEWS = YES;
				GENERATE_INFOPLIST_FILE = YES;
				INFOPLIST_KEY_UIApplicationSceneManifest_Generation = YES;
				INFOPLIST_KEY_UIApplicationSupportsIndirectInputEvents = YES;
				INFOPLIST_KEY_UILaunchScreen_Generation = YES;
				INFOPLIST_KEY_UISupportedInterfaceOrientations_iPad = "UIInterfaceOrientationPortrait UIInterfaceOrientationPortraitUpsideDown UIInterfaceOrientationLandscapeLeft UIInterfaceOrientationLandscapeRight";
				INFOPLIST_KEY_UISupportedInterfaceOrientations_iPhone = "UIInterfaceOrientationPortrait UIInterfaceOrientationLandscapeLeft UIInterfaceOrientationLandscapeRight";
				LD_RUNPATH_SEARCH_PATHS = (
					"$(inherited)",
					"@executable_path/Frameworks",
				);
				MARKETING_VERSION = 1.0;
				PRODUCT_BUNDLE_IDENTIFIER = nMonzon.SistemaVentas;
				PRODUCT_NAME = "$(TARGET_NAME)";
				SWIFT_EMIT_LOC_STRINGS = YES;
				SWIFT_VERSION = 5.0;
				TARGETED_DEVICE_FAMILY = "1,2";
			};
			name = Release;
		};
		4B86C59C2B863971007C7A6F /* Debug */ = {
			isa = XCBuildConfiguration;
			buildSettings = {
				ALWAYS_EMBED_SWIFT_STANDARD_LIBRARIES = YES;
				BUNDLE_LOADER = "$(TEST_HOST)";
				CODE_SIGN_STYLE = Automatic;
				CURRENT_PROJECT_VERSION = 1;
				DEVELOPMENT_TEAM = HR27582MG8;
				GENERATE_INFOPLIST_FILE = YES;
				IPHONEOS_DEPLOYMENT_TARGET = 17.2;
				MARKETING_VERSION = 1.0;
				PRODUCT_BUNDLE_IDENTIFIER = nMonzon.SistemaVentasTests;
				PRODUCT_NAME = "$(TARGET_NAME)";
				SWIFT_EMIT_LOC_STRINGS = NO;
				SWIFT_VERSION = 5.0;
				TARGETED_DEVICE_FAMILY = "1,2";
				TEST_HOST = "$(BUILT_PRODUCTS_DIR)/SistemaVentas.app/$(BUNDLE_EXECUTABLE_FOLDER_PATH)/SistemaVentas";
			};
			name = Debug;
		};
		4B86C59D2B863971007C7A6F /* Release */ = {
			isa = XCBuildConfiguration;
			buildSettings = {
				ALWAYS_EMBED_SWIFT_STANDARD_LIBRARIES = YES;
				BUNDLE_LOADER = "$(TEST_HOST)";
				CODE_SIGN_STYLE = Automatic;
				CURRENT_PROJECT_VERSION = 1;
				DEVELOPMENT_TEAM = HR27582MG8;
				GENERATE_INFOPLIST_FILE = YES;
				IPHONEOS_DEPLOYMENT_TARGET = 17.2;
				MARKETING_VERSION = 1.0;
				PRODUCT_BUNDLE_IDENTIFIER = nMonzon.SistemaVentasTests;
				PRODUCT_NAME = "$(TARGET_NAME)";
				SWIFT_EMIT_LOC_STRINGS = NO;
				SWIFT_VERSION = 5.0;
				TARGETED_DEVICE_FAMILY = "1,2";
				TEST_HOST = "$(BUILT_PRODUCTS_DIR)/SistemaVentas.app/$(BUNDLE_EXECUTABLE_FOLDER_PATH)/SistemaVentas";
			};
			name = Release;
		};
		4B86C59F2B863971007C7A6F /* Debug */ = {
			isa = XCBuildConfiguration;
			buildSettings = {
				ALWAYS_EMBED_SWIFT_STANDARD_LIBRARIES = YES;
				CODE_SIGN_STYLE = Automatic;
				CURRENT_PROJECT_VERSION = 1;
				DEVELOPMENT_TEAM = HR27582MG8;
				GENERATE_INFOPLIST_FILE = YES;
				MARKETING_VERSION = 1.0;
				PRODUCT_BUNDLE_IDENTIFIER = nMonzon.SistemaVentasUITests;
				PRODUCT_NAME = "$(TARGET_NAME)";
				SWIFT_EMIT_LOC_STRINGS = NO;
				SWIFT_VERSION = 5.0;
				TARGETED_DEVICE_FAMILY = "1,2";
				TEST_TARGET_NAME = SistemaVentas;
			};
			name = Debug;
		};
		4B86C5A02B863971007C7A6F /* Release */ = {
			isa = XCBuildConfiguration;
			buildSettings = {
				ALWAYS_EMBED_SWIFT_STANDARD_LIBRARIES = YES;
				CODE_SIGN_STYLE = Automatic;
				CURRENT_PROJECT_VERSION = 1;
				DEVELOPMENT_TEAM = HR27582MG8;
				GENERATE_INFOPLIST_FILE = YES;
				MARKETING_VERSION = 1.0;
				PRODUCT_BUNDLE_IDENTIFIER = nMonzon.SistemaVentasUITests;
				PRODUCT_NAME = "$(TARGET_NAME)";
				SWIFT_EMIT_LOC_STRINGS = NO;
				SWIFT_VERSION = 5.0;
				TARGETED_DEVICE_FAMILY = "1,2";
				TEST_TARGET_NAME = SistemaVentas;
			};
			name = Release;
		};
/* End XCBuildConfiguration section */

/* Begin XCConfigurationList section */
		4B86C56F2B863970007C7A6F /* Build configuration list for PBXProject "SistemaVentas" */ = {
			isa = XCConfigurationList;
			buildConfigurations = (
				4B86C5962B863971007C7A6F /* Debug */,
				4B86C5972B863971007C7A6F /* Release */,
			);
			defaultConfigurationIsVisible = 0;
			defaultConfigurationName = Release;
		};
		4B86C5982B863971007C7A6F /* Build configuration list for PBXNativeTarget "SistemaVentas" */ = {
			isa = XCConfigurationList;
			buildConfigurations = (
				4B86C5992B863971007C7A6F /* Debug */,
				4B86C59A2B863971007C7A6F /* Release */,
			);
			defaultConfigurationIsVisible = 0;
			defaultConfigurationName = Release;
		};
		4B86C59B2B863971007C7A6F /* Build configuration list for PBXNativeTarget "SistemaVentasTests" */ = {
			isa = XCConfigurationList;
			buildConfigurations = (
				4B86C59C2B863971007C7A6F /* Debug */,
				4B86C59D2B863971007C7A6F /* Release */,
			);
			defaultConfigurationIsVisible = 0;
			defaultConfigurationName = Release;
		};
		4B86C59E2B863971007C7A6F /* Build configuration list for PBXNativeTarget "SistemaVentasUITests" */ = {
			isa = XCConfigurationList;
			buildConfigurations = (
				4B86C59F2B863971007C7A6F /* Debug */,
				4B86C5A02B863971007C7A6F /* Release */,
			);
			defaultConfigurationIsVisible = 0;
			defaultConfigurationName = Release;
		};
/* End XCConfigurationList section */
	};
	rootObject = 4B86C56C2B863970007C7A6F /* Project object */;
}
